# This file is automatically @generated by Cargo.
# It is not intended for manual editing.
version = 3

[[package]]
name = "minifier"
version = "0.3.0"
source = "registry+https://github.com/rust-lang/crates.io-index"
checksum = "95bbbf96b9ac3482c2a25450b67a15ed851319bc5fabf3b40742ea9066e84282"

[[package]]
name = "pages"
version = "0.1.0"
dependencies = [
 "minifier",
]
